// !$*UTF8*$!
{
	archiveVersion = 1;
	classes = {
	};
	objectVersion = 50;
	objects = {

/* Begin PBXBuildFile section */
		0B4D949323EA9FDF00C57B5C /* AppDelegate.swift in Sources */ = {isa = PBXBuildFile; fileRef = 0B4D949223EA9FDF00C57B5C /* AppDelegate.swift */; };
		0B4D949523EA9FDF00C57B5C /* SceneDelegate.swift in Sources */ = {isa = PBXBuildFile; fileRef = 0B4D949423EA9FDF00C57B5C /* SceneDelegate.swift */; };
		0B4D949723EA9FDF00C57B5C /* ViewController.swift in Sources */ = {isa = PBXBuildFile; fileRef = 0B4D949623EA9FDF00C57B5C /* ViewController.swift */; };
		0B4D949A23EA9FDF00C57B5C /* Main.storyboard in Resources */ = {isa = PBXBuildFile; fileRef = 0B4D949823EA9FDF00C57B5C /* Main.storyboard */; };
		0B4D949C23EA9FF200C57B5C /* Assets.xcassets in Resources */ = {isa = PBXBuildFile; fileRef = 0B4D949B23EA9FF200C57B5C /* Assets.xcassets */; };
		0B4D949F23EA9FF200C57B5C /* LaunchScreen.storyboard in Resources */ = {isa = PBXBuildFile; fileRef = 0B4D949D23EA9FF200C57B5C /* LaunchScreen.storyboard */; };
/* End PBXBuildFile section */

/* Begin PBXFileReference section */
		0B4D948F23EA9FDF00C57B5C /* Local_Notification.app */ = {isa = PBXFileReference; explicitFileType = wrapper.application; includeInIndex = 0; path = Local_Notification.app; sourceTree = BUILT_PRODUCTS_DIR; };
		0B4D949223EA9FDF00C57B5C /* AppDelegate.swift */ = {isa = PBXFileReference; lastKnownFileType = sourcecode.swift; path = AppDelegate.swift; sourceTree = "<group>"; };
		0B4D949423EA9FDF00C57B5C /* SceneDelegate.swift */ = {isa = PBXFileReference; lastKnownFileType = sourcecode.swift; path = SceneDelegate.swift; sourceTree = "<group>"; };
		0B4D949623EA9FDF00C57B5C /* ViewController.swift */ = {isa = PBXFileReference; lastKnownFileType = sourcecode.swift; path = ViewController.swift; sourceTree = "<group>"; };
		0B4D949923EA9FDF00C57B5C /* Base */ = {isa = PBXFileReference; lastKnownFileType = file.storyboard; name = Base; path = Base.lproj/Main.storyboard; sourceTree = "<group>"; };
		0B4D949B23EA9FF200C57B5C /* Assets.xcassets */ = {isa = PBXFileReference; lastKnownFileType = folder.assetcatalog; path = Assets.xcassets; sourceTree = "<group>"; };
		0B4D949E23EA9FF200C57B5C /* Base */ = {isa = PBXFileReference; lastKnownFileType = file.storyboard; name = Base; path = Base.lproj/LaunchScreen.storyboard; sourceTree = "<group>"; };
		0B4D94A023EA9FF200C57B5C /* Info.plist */ = {isa = PBXFileReference; lastKnownFileType = text.plist.xml; path = Info.plist; sourceTree = "<group>"; };
/* End PBXFileReference section */

/* Begin PBXFrameworksBuildPhase section */
		0B4D948C23EA9FDF00C57B5C /* Frameworks */ = {
			isa = PBXFrameworksBuildPhase;
			buildActionMask = 2147483647;
			files = (
			);
			runOnlyForDeploymentPostprocessing = 0;
		};
/* End PBXFrameworksBuildPhase section */

/* Begin PBXGroup section */
		0B4D948623EA9FDE00C57B5C = {
			isa = PBXGroup;
			children = (
				0B4D949123EA9FDF00C57B5C /* Local_Notification */,
				0B4D949023EA9FDF00C57B5C /* Products */,
			);
			sourceTree = "<group>";
		};
		0B4D949023EA9FDF00C57B5C /* Products */ = {
			isa = PBXGroup;
			children = (
				0B4D948F23EA9FDF00C57B5C /* Local_Notification.app */,
			);
			name = Products;
			sourceTree = "<group>";
		};
		0B4D949123EA9FDF00C57B5C /* Local_Notification */ = {
			isa = PBXGroup;
			children = (
				0B4D949223EA9FDF00C57B5C /* AppDelegate.swift */,
				0B4D949423EA9FDF00C57B5C /* SceneDelegate.swift */,
				0B4D949623EA9FDF00C57B5C /* ViewController.swift */,
				0B4D949823EA9FDF00C57B5C /* Main.storyboard */,
				0B4D949B23EA9FF200C57B5C /* Assets.xcassets */,
				0B4D949D23EA9FF200C57B5C /* LaunchScreen.storyboard */,
				0B4D94A023EA9FF200C57B5C /* Info.plist */,
			);
			path = Local_Notification;
			sourceTree = "<group>";
		};
/* End PBXGroup section */

/* Begin PBXNativeTarget section */
		0B4D948E23EA9FDF00C57B5C /* Local_Notification */ = {
			isa = PBXNativeTarget;
			buildConfigurationList = 0B4D94A323EA9FF200C57B5C /* Build configuration list for PBXNativeTarget "Local_Notification" */;
			buildPhases = (
				0B4D948B23EA9FDF00C57B5C /* Sources */,
				0B4D948C23EA9FDF00C57B5C /* Frameworks */,
				0B4D948D23EA9FDF00C57B5C /* Resources */,
			);
			buildRules = (
			);
			dependencies = (
			);
			name = Local_Notification;
			productName = Local_Notification;
			productReference = 0B4D948F23EA9FDF00C57B5C /* Local_Notification.app */;
			productType = "com.apple.product-type.application";
		};
/* End PBXNativeTarget section */

/* Begin PBXProject section */
		0B4D948723EA9FDE00C57B5C /* Project object */ = {
			isa = PBXProject;
			attributes = {
				LastSwiftUpdateCheck = 1110;
				LastUpgradeCheck = 1110;
				ORGANIZATIONNAME = "Md Sifat";
				TargetAttributes = {
					0B4D948E23EA9FDF00C57B5C = {
						CreatedOnToolsVersion = 11.1;
					};
				};
			};
			buildConfigurationList = 0B4D948A23EA9FDE00C57B5C /* Build configuration list for PBXProject "Local_Notification" */;
			compatibilityVersion = "Xcode 9.3";
			developmentRegion = en;
			hasScannedForEncodings = 0;
			knownRegions = (
				en,
				Base,
			);
			mainGroup = 0B4D948623EA9FDE00C57B5C;
			productRefGroup = 0B4D949023EA9FDF00C57B5C /* Products */;
			projectDirPath = "";
			projectRoot = "";
			targets = (
				0B4D948E23EA9FDF00C57B5C /* Local_Notification */,
			);
		};
/* End PBXProject section */

/* Begin PBXResourcesBuildPhase section */
		0B4D948D23EA9FDF00C57B5C /* Resources */ = {
			isa = PBXResourcesBuildPhase;
			buildActionMask = 2147483647;
			files = (
				0B4D949F23EA9FF200C57B5C /* LaunchScreen.storyboard in Resources */,
				0B4D949C23EA9FF200C57B5C /* Assets.xcassets in Resources */,
				0B4D949A23EA9FDF00C57B5C /* Main.storyboard in Resources */,
			);
			runOnlyForDeploymentPostprocessing = 0;
		};
/* End PBXResourcesBuildPhase section */

/* Begin PBXSourcesBuildPhase section */
		0B4D948B23EA9FDF00C57B5C /* Sources */ = {
			isa = PBXSourcesBuildPhase;
			buildActionMask = 2147483647;
			files = (
				0B4D949723EA9FDF00C57B5C /* ViewController.swift in Sources */,
				0B4D949323EA9FDF00C57B5C /* AppDelegate.swift in Sources */,
				0B4D949523EA9FDF00C57B5C /* SceneDelegate.swift in Sources */,
			);
			runOnlyForDeploymentPostprocessing = 0;
		};
/* End PBXSourcesBuildPhase section */

/* Begin PBXVariantGroup section */
		0B4D949823EA9FDF00C57B5C /* Main.storyboard */ = {
			isa = PBXVariantGroup;
			children = (
				0B4D949923EA9FDF00C57B5C /* Base */,
			);
			name = Main.storyboard;
			sourceTree = "<group>";
		};
		0B4D949D23EA9FF200C57B5C /* LaunchScreen.storyboard */ = {
			isa = PBXVariantGroup;
			children = (
				0B4D949E23EA9FF200C57B5C /* Base */,
			);
			name = LaunchScreen.storyboard;
			sourceTree = "<group>";
		};
/* End PBXVariantGroup section */

/* Begin XCBuildConfiguration section */
		0B4D94A123EA9FF200C57B5C /* Debug */ = {
			isa = XCBuildConfiguration;
			buildSettings = {
				ALWAYS_SEARCH_USER_PATHS = NO;
				CLANG_ANALYZER_NONNULL = YES;
				CLANG_ANALYZER_NUMBER_OBJECT_CONVERSION = YES_AGGRESSIVE;
				CLANG_CXX_LANGUAGE_STANDARD = "gnu++14";
				CLANG_CXX_LIBRARY = "libc++";
				CLANG_ENABLE_MODULES = YES;
				CLANG_ENABLE_OBJC_ARC = YES;
				CLANG_ENABLE_OBJC_WEAK = YES;
				CLANG_WARN_BLOCK_CAPTURE_AUTORELEASING = YES;
				CLANG_WARN_BOOL_CONVERSION = YES;
				CLANG_WARN_COMMA = YES;
				CLANG_WARN_CONSTANT_CONVERSION = YES;
				CLANG_WARN_DEPRECATED_OBJC_IMPLEMENTATIONS = YES;
				CLANG_WARN_DIRECT_OBJC_ISA_USAGE = YES_ERROR;
				CLANG_WARN_DOCUMENTATION_COMMENTS = YES;
				CLANG_WARN_EMPTY_BODY = YES;
				CLANG_WARN_ENUM_CONVERSION = YES;
				CLANG_WARN_INFINITE_RECURSION = YES;
				CLANG_WARN_INT_CONVERSION = YES;
				CLANG_WARN_NON_LITERAL_NULL_CONVERSION = YES;
				CLANG_WARN_OBJC_IMPLICIT_RETAIN_SELF = YES;
				CLANG_WARN_OBJC_LITERAL_CONVERSION = YES;
				CLANG_WARN_OBJC_ROOT_CLASS = YES_ERROR;
				CLANG_WARN_RANGE_LOOP_ANALYSIS = YES;
				CLANG_WARN_STRICT_PROTOTYPES = YES;
				CLANG_WARN_SUSPICIOUS_MOVE = YES;
				CLANG_WARN_UNGUARDED_AVAILABILITY = YES_AGGRESSIVE;
				CLANG_WARN_UNREACHABLE_CODE = YES;
				CLANG_WARN__DUPLICATE_METHOD_MATCH = YES;
				COPY_PHASE_STRIP = NO;
				DEBUG_INFORMATION_FORMAT = dwarf;
				ENABLE_STRICT_OBJC_MSGSEND = YES;
				ENABLE_TESTABILITY = YES;
				GCC_C_LANGUAGE_STANDARD = gnu11;
				GCC_DYNAMIC_NO_PIC = NO;
				GCC_NO_COMMON_BLOCKS = YES;
				GCC_OPTIMIZATION_LEVEL = 0;
				GCC_PREPROCESSOR_DEFINITIONS = (
					"DEBUG=1",
					"$(inherited)",
				);
				GCC_WARN_64_TO_32_BIT_CONVERSION = YES;
				GCC_WARN_ABOUT_RETURN_TYPE = YES_ERROR;
				GCC_WARN_UNDECLARED_SELECTOR = YES;
				GCC_WARN_UNINITIALIZED_AUTOS = YES_AGGRESSIVE;
				GCC_WARN_UNUSED_FUNCTION = YES;
				GCC_WARN_UNUSED_VARIABLE = YES;
				IPHONEOS_DEPLOYMENT_TARGET = 13.1;
				MTL_ENABLE_DEBUG_INFO = INCLUDE_SOURCE;
				MTL_FAST_MATH = YES;
				ONLY_ACTIVE_ARCH = YES;
				SDKROOT = iphoneos;
				SWIFT_ACTIVE_COMPILATION_CONDITIONS = DEBUG;
				SWIFT_OPTIMIZATION_LEVEL = "-Onone";
			};
			name = Debug;
		};
		0B4D94A223EA9FF200C57B5C /* Release */ = {
			isa = XCBuildConfiguration;
			buildSettings = {
				ALWAYS_SEARCH_USER_PATHS = NO;
				CLANG_ANALYZER_NONNULL = YES;
				CLANG_ANALYZER_NUMBER_OBJECT_CONVERSION = YES_AGGRESSIVE;
				CLANG_CXX_LANGUAGE_STANDARD = "gnu++14";
				CLANG_CXX_LIBRARY = "libc++";
				CLANG_ENABLE_MODULES = YES;
				CLANG_ENABLE_OBJC_ARC = YES;
				CLANG_ENABLE_OBJC_WEAK = YES;
				CLANG_WARN_BLOCK_CAPTURE_AUTORELEASING = YES;
				CLANG_WARN_BOOL_CONVERSION = YES;
				CLANG_WARN_COMMA = YES;
				CLANG_WARN_CONSTANT_CONVERSION = YES;
				CLANG_WARN_DEPRECATED_OBJC_IMPLEMENTATIONS = YES;
				CLANG_WARN_DIRECT_OBJC_ISA_USAGE = YES_ERROR;
				CLANG_WARN_DOCUMENTATION_COMMENTS = YES;
				CLANG_WARN_EMPTY_BODY = YES;
				CLANG_WARN_ENUM_CONVERSION = YES;
				CLANG_WARN_INFINITE_RECURSION = YES;
				CLANG_WARN_INT_CONVERSION = YES;
				CLANG_WARN_NON_LITERAL_NULL_CONVERSION = YES;
				CLANG_WARN_OBJC_IMPLICIT_RETAIN_SELF = YES;
				CLANG_WARN_OBJC_LITERAL_CONVERSION = YES;
				CLANG_WARN_OBJC_ROOT_CLASS = YES_ERROR;
				CLANG_WARN_RANGE_LOOP_ANALYSIS = YES;
				CLANG_WARN_STRICT_PROTOTYPES = YES;
				CLANG_WARN_SUSPICIOUS_MOVE = YES;
				CLANG_WARN_UNGUARDED_AVAILABILITY = YES_AGGRESSIVE;
				CLANG_WARN_UNREACHABLE_CODE = YES;
				CLANG_WARN__DUPLICATE_METHOD_MATCH = YES;
				COPY_PHASE_STRIP = NO;
				DEBUG_INFORMATION_FORMAT = "dwarf-with-dsym";
				ENABLE_NS_ASSERTIONS = NO;
				ENABLE_STRICT_OBJC_MSGSEND = YES;
				GCC_C_LANGUAGE_STANDARD = gnu11;
				GCC_NO_COMMON_BLOCKS = YES;
				GCC_WARN_64_TO_32_BIT_CONVERSION = YES;
				GCC_WARN_ABOUT_RETURN_TYPE = YES_ERROR;
				GCC_WARN_UNDECLARED_SELECTOR = YES;
				GCC_WARN_UNINITIALIZED_AUTOS = YES_AGGRESSIVE;
				GCC_WARN_UNUSED_FUNCTION = YES;
				GCC_WARN_UNUSED_VARIABLE = YES;
				IPHONEOS_DEPLOYMENT_TARGET = 13.1;
				MTL_ENABLE_DEBUG_INFO = NO;
				MTL_FAST_MATH = YES;
				SDKROOT = iphoneos;
				SWIFT_COMPILATION_MODE = wholemodule;
				SWIFT_OPTIMIZATION_LEVEL = "-O";
				VALIDATE_PRODUCT = YES;
			};
			name = Release;
		};
		0B4D94A423EA9FF200C57B5C /* Debug */ = {
			isa = XCBuildConfiguration;
			buildSettings = {
				ASSETCATALOG_COMPILER_APPICON_NAME = AppIcon;
				CODE_SIGN_STYLE = Automatic;
				INFOPLIST_FILE = Local_Notification/Info.plist;
				LD_RUNPATH_SEARCH_PATHS = (
					"$(inherited)",
					"@executable_path/Frameworks",
				);
				PRODUCT_BUNDLE_IDENTIFIER = "com.csesifat.Local-Notification";
				PRODUCT_NAME = "$(TARGET_NAME)";
				SWIFT_VERSION = 5.0;
				TARGETED_DEVICE_FAMILY = "1,2";
			};
			name = Debug;
		};
		0B4D94A523EA9FF200C57B5C /* Release */ = {
			isa = XCBuildConfiguration;
			buildSettings = {
				ASSETCATALOG_COMPILER_APPICON_NAME = AppIcon;
				CODE_SIGN_STYLE = Automatic;
				INFOPLIST_FILE = Local_Notification/Info.plist;
				LD_RUNPATH_SEARCH_PATHS = (
					"$(inherited)",
					"@executable_path/Frameworks",
				);
				PRODUCT_BUNDLE_IDENTIFIER = "com.csesifat.Local-Notification";
				PRODUCT_NAME = "$(TARGET_NAME)";
				SWIFT_VERSION = 5.0;
				TARGETED_DEVICE_FAMILY = "1,2";
			};
			name = Release;
		};
/* End XCBuildConfiguration section */

/* Begin XCConfigurationList section */
		0B4D948A23EA9FDE00C57B5C /* Build configuration list for PBXProject "Local_Notification" */ = {
			isa = XCConfigurationList;
			buildConfigurations = (
				0B4D94A123EA9FF200C57B5C /* Debug */,
				0B4D94A223EA9FF200C57B5C /* Release */,
			);
			defaultConfigurationIsVisible = 0;
			defaultConfigurationName = Release;
		};
		0B4D94A323EA9FF200C57B5C /* Build configuration list for PBXNativeTarget "Local_Notification" */ = {
			isa = XCConfigurationList;
			buildConfigurations = (
				0B4D94A423EA9FF200C57B5C /* Debug */,
				0B4D94A523EA9FF200C57B5C /* Release */,
			);
			defaultConfigurationIsVisible = 0;
			defaultConfigurationName = Release;
		};
/* End XCConfigurationList section */
	};
	rootObject = 0B4D948723EA9FDE00C57B5C /* Project object */;
}
